
Microsoft Visual Studio Solution File, Format Version 11.00
# Visual Studio 2010
Project("{FAE04EC0-301F-11D3-BF4B-00C04F79EFBC}") = "TestNetWorkClient", "TestNetWork\TestNetWorkClient.csproj", "{57FC8D9C-2E08-4F9C-9F92-743A3E8AE929}"
EndProject
Project("{FAE04EC0-301F-11D3-BF4B-00C04F79EFBC}") = "ClassesForSerialize", "ClassesForSerialize\ClassesForSerialize.csproj", "{BCBF13CA-3827-4949-9BDF-A879EBB5C8E6}"
EndProject
Project("{FAE04EC0-301F-11D3-BF4B-00C04F79EFBC}") = "Gun", "Gun\Gun\Gun.csproj", "{E6852A9E-ED2D-4B53-9FCA-6A071DB95DD2}"
EndProject
Project("{96E2B04D-8817-42C6-938A-82C39BA4D311}") = "GunContent", "Gun\GunContent\GunContent.contentproj", "{B772237D-67E9-498E-92AF-982EED0773E8}"
EndProject
Global
	GlobalSection(SolutionConfigurationPlatforms) = preSolution
		Debug|Any CPU = Debug|Any CPU
		Debug|Mixed Platforms = Debug|Mixed Platforms
		Debug|x86 = Debug|x86
		Release|Any CPU = Release|Any CPU
		Release|Mixed Platforms = Release|Mixed Platforms
		Release|x86 = Release|x86
	EndGlobalSection
	GlobalSection(ProjectConfigurationPlatforms) = postSolution
		{57FC8D9C-2E08-4F9C-9F92-743A3E8AE929}.Debug|Any CPU.ActiveCfg = Debug|x86
		{57FC8D9C-2E08-4F9C-9F92-743A3E8AE929}.Debug|Mixed Platforms.ActiveCfg = Debug|x86
		{57FC8D9C-2E08-4F9C-9F92-743A3E8AE929}.Debug|Mixed Platforms.Build.0 = Debug|x86
		{57FC8D9C-2E08-4F9C-9F92-743A3E8AE929}.Debug|x86.ActiveCfg = Debug|x86
		{57FC8D9C-2E08-4F9C-9F92-743A3E8AE929}.Debug|x86.Build.0 = Debug|x86
		{57FC8D9C-2E08-4F9C-9F92-743A3E8AE929}.Release|Any CPU.ActiveCfg = Release|x86
		{57FC8D9C-2E08-4F9C-9F92-743A3E8AE929}.Release|Mixed Platforms.ActiveCfg = Release|x86
		{57FC8D9C-2E08-4F9C-9F92-743A3E8AE929}.Release|Mixed Platforms.Build.0 = Release|x86
		{57FC8D9C-2E08-4F9C-9F92-743A3E8AE929}.Release|x86.ActiveCfg = Release|x86
		{57FC8D9C-2E08-4F9C-9F92-743A3E8AE929}.Release|x86.Build.0 = Release|x86
		{BCBF13CA-3827-4949-9BDF-A879EBB5C8E6}.Debug|Any CPU.ActiveCfg = Debug|Any CPU
		{BCBF13CA-3827-4949-9BDF-A879EBB5C8E6}.Debug|Any CPU.Build.0 = Debug|Any CPU
		{BCBF13CA-3827-4949-9BDF-A879EBB5C8E6}.Debug|Mixed Platforms.ActiveCfg = Debug|Any CPU
		{BCBF13CA-3827-4949-9BDF-A879EBB5C8E6}.Debug|Mixed Platforms.Build.0 = Debug|Any CPU
		{BCBF13CA-3827-4949-9BDF-A879EBB5C8E6}.Debug|x86.ActiveCfg = Debug|Any CPU
		{BCBF13CA-3827-4949-9BDF-A879EBB5C8E6}.Release|Any CPU.ActiveCfg = Release|Any CPU
		{BCBF13CA-3827-4949-9BDF-A879EBB5C8E6}.Release|Any CPU.Build.0 = Release|Any CPU
		{BCBF13CA-3827-4949-9BDF-A879EBB5C8E6}.Release|Mixed Platforms.ActiveCfg = Release|Any CPU
		{BCBF13CA-3827-4949-9BDF-A879EBB5C8E6}.Release|Mixed Platforms.Build.0 = Release|Any CPU
		{BCBF13CA-3827-4949-9BDF-A879EBB5C8E6}.Release|x86.ActiveCfg = Release|Any CPU
		{E6852A9E-ED2D-4B53-9FCA-6A071DB95DD2}.Debug|Any CPU.ActiveCfg = Debug|x86
		{E6852A9E-ED2D-4B53-9FCA-6A071DB95DD2}.Debug|Mixed Platforms.ActiveCfg = Debug|x86
		{E6852A9E-ED2D-4B53-9FCA-6A071DB95DD2}.Debug|Mixed Platforms.Build.0 = Debug|x86
		{E6852A9E-ED2D-4B53-9FCA-6A071DB95DD2}.Debug|x86.ActiveCfg = Debug|x86
		{E6852A9E-ED2D-4B53-9FCA-6A071DB95DD2}.Debug|x86.Build.0 = Debug|x86
		{E6852A9E-ED2D-4B53-9FCA-6A071DB95DD2}.Release|Any CPU.ActiveCfg = Release|x86
		{E6852A9E-ED2D-4B53-9FCA-6A071DB95DD2}.Release|Mixed Platforms.ActiveCfg = Release|x86
		{E6852A9E-ED2D-4B53-9FCA-6A071DB95DD2}.Release|Mixed Platforms.Build.0 = Release|x86
		{E6852A9E-ED2D-4B53-9FCA-6A071DB95DD2}.Release|x86.ActiveCfg = Release|x86
		{E6852A9E-ED2D-4B53-9FCA-6A071DB95DD2}.Release|x86.Build.0 = Release|x86
		{B772237D-67E9-498E-92AF-982EED0773E8}.Debug|Any CPU.ActiveCfg = Debug|x86
		{B772237D-67E9-498E-92AF-982EED0773E8}.Debug|Mixed Platforms.ActiveCfg = Debug|x86
		{B772237D-67E9-498E-92AF-982EED0773E8}.Debug|x86.ActiveCfg = Debug|x86
		{B772237D-67E9-498E-92AF-982EED0773E8}.Release|Any CPU.ActiveCfg = Release|x86
		{B772237D-67E9-498E-92AF-982EED0773E8}.Release|Mixed Platforms.ActiveCfg = Release|x86
		{B772237D-67E9-498E-92AF-982EED0773E8}.Release|x86.ActiveCfg = Release|x86
	EndGlobalSection
	GlobalSection(SolutionProperties) = preSolution
		HideSolutionNode = FALSE
	EndGlobalSection
EndGlobal
